
Microsoft Visual Studio Solution File, Format Version 12.00
# Visual Studio Version 16
VisualStudioVersion = 16.0.30011.22
MinimumVisualStudioVersion = 10.0.40219.1
Project("{FAE04EC0-301F-11D3-BF4B-00C04F79EFBC}") = "AppProyecto.Android", "AppProyecto.Android\AppProyecto.Android.csproj", "{B99B11B2-BB16-423B-B325-D2A87D9C9B73}"
EndProject
Project("{FAE04EC0-301F-11D3-BF4B-00C04F79EFBC}") = "AppProyecto.iOS", "AppProyecto.iOS\AppProyecto.iOS.csproj", "{8CC6C35D-FFC6-416B-A5C3-FBC2CACAC330}"
EndProject
Project("{FAE04EC0-301F-11D3-BF4B-00C04F79EFBC}") = "AppProyecto", "AppProyecto\AppProyecto.csproj", "{D0411D6C-3635-412F-8863-0AE8BE3A2181}"
EndProject
Global
	GlobalSection(SolutionConfigurationPlatforms) = preSolution
		Debug|Any CPU = Debug|Any CPU
		Debug|iPhone = Debug|iPhone
		Debug|iPhoneSimulator = Debug|iPhoneSimulator
		Release|Any CPU = Release|Any CPU
		Release|iPhone = Release|iPhone
		Release|iPhoneSimulator = Release|iPhoneSimulator
	EndGlobalSection
	GlobalSection(ProjectConfigurationPlatforms) = postSolution
		{B99B11B2-BB16-423B-B325-D2A87D9C9B73}.Debug|Any CPU.ActiveCfg = Debug|Any CPU
		{B99B11B2-BB16-423B-B325-D2A87D9C9B73}.Debug|Any CPU.Build.0 = Debug|Any CPU
		{B99B11B2-BB16-423B-B325-D2A87D9C9B73}.Debug|Any CPU.Deploy.0 = Debug|Any CPU
		{B99B11B2-BB16-423B-B325-D2A87D9C9B73}.Debug|iPhone.ActiveCfg = Debug|Any CPU
		{B99B11B2-BB16-423B-B325-D2A87D9C9B73}.Debug|iPhone.Build.0 = Debug|Any CPU
		{B99B11B2-BB16-423B-B325-D2A87D9C9B73}.Debug|iPhone.Deploy.0 = Debug|Any CPU
		{B99B11B2-BB16-423B-B325-D2A87D9C9B73}.Debug|iPhoneSimulator.ActiveCfg = Debug|Any CPU
		{B99B11B2-BB16-423B-B325-D2A87D9C9B73}.Debug|iPhoneSimulator.Build.0 = Debug|Any CPU
		{B99B11B2-BB16-423B-B325-D2A87D9C9B73}.Debug|iPhoneSimulator.Deploy.0 = Debug|Any CPU
		{B99B11B2-BB16-423B-B325-D2A87D9C9B73}.Release|Any CPU.ActiveCfg = Release|Any CPU
		{B99B11B2-BB16-423B-B325-D2A87D9C9B73}.Release|Any CPU.Build.0 = Release|Any CPU
		{B99B11B2-BB16-423B-B325-D2A87D9C9B73}.Release|Any CPU.Deploy.0 = Release|Any CPU
		{B99B11B2-BB16-423B-B325-D2A87D9C9B73}.Release|iPhone.ActiveCfg = Release|Any CPU
		{B99B11B2-BB16-423B-B325-D2A87D9C9B73}.Release|iPhone.Build.0 = Release|Any CPU
		{B99B11B2-BB16-423B-B325-D2A87D9C9B73}.Release|iPhone.Deploy.0 = Release|Any CPU
		{B99B11B2-BB16-423B-B325-D2A87D9C9B73}.Release|iPhoneSimulator.ActiveCfg = Release|Any CPU
		{B99B11B2-BB16-423B-B325-D2A87D9C9B73}.Release|iPhoneSimulator.Build.0 = Release|Any CPU
		{B99B11B2-BB16-423B-B325-D2A87D9C9B73}.Release|iPhoneSimulator.Deploy.0 = Release|Any CPU
		{8CC6C35D-FFC6-416B-A5C3-FBC2CACAC330}.Debug|Any CPU.ActiveCfg = Debug|iPhone
		{8CC6C35D-FFC6-416B-A5C3-FBC2CACAC330}.Debug|Any CPU.Build.0 = Debug|iPhone
		{8CC6C35D-FFC6-416B-A5C3-FBC2CACAC330}.Debug|Any CPU.Deploy.0 = Debug|iPhone
		{8CC6C35D-FFC6-416B-A5C3-FBC2CACAC330}.Debug|iPhone.ActiveCfg = Debug|iPhone
		{8CC6C35D-FFC6-416B-A5C3-FBC2CACAC330}.Debug|iPhone.Build.0 = Debug|iPhone
		{8CC6C35D-FFC6-416B-A5C3-FBC2CACAC330}.Debug|iPhone.Deploy.0 = Debug|iPhone
		{8CC6C35D-FFC6-416B-A5C3-FBC2CACAC330}.Debug|iPhoneSimulator.ActiveCfg = Debug|iPhoneSimulator
		{8CC6C35D-FFC6-416B-A5C3-FBC2CACAC330}.Debug|iPhoneSimulator.Build.0 = Debug|iPhoneSimulator
		{8CC6C35D-FFC6-416B-A5C3-FBC2CACAC330}.Debug|iPhoneSimulator.Deploy.0 = Debug|iPhoneSimulator
		{8CC6C35D-FFC6-416B-A5C3-FBC2CACAC330}.Release|Any CPU.ActiveCfg = Release|iPhone
		{8CC6C35D-FFC6-416B-A5C3-FBC2CACAC330}.Release|Any CPU.Build.0 = Release|iPhone
		{8CC6C35D-FFC6-416B-A5C3-FBC2CACAC330}.Release|Any CPU.Deploy.0 = Release|iPhone
		{8CC6C35D-FFC6-416B-A5C3-FBC2CACAC330}.Release|iPhone.ActiveCfg = Release|iPhone
		{8CC6C35D-FFC6-416B-A5C3-FBC2CACAC330}.Release|iPhone.Build.0 = Release|iPhone
		{8CC6C35D-FFC6-416B-A5C3-FBC2CACAC330}.Release|iPhone.Deploy.0 = Release|iPhone
		{8CC6C35D-FFC6-416B-A5C3-FBC2CACAC330}.Release|iPhoneSimulator.ActiveCfg = Release|iPhoneSimulator
		{8CC6C35D-FFC6-416B-A5C3-FBC2CACAC330}.Release|iPhoneSimulator.Build.0 = Release|iPhoneSimulator
		{8CC6C35D-FFC6-416B-A5C3-FBC2CACAC330}.Release|iPhoneSimulator.Deploy.0 = Release|iPhoneSimulator
		{D0411D6C-3635-412F-8863-0AE8BE3A2181}.Debug|Any CPU.ActiveCfg = Debug|Any CPU
		{D0411D6C-3635-412F-8863-0AE8BE3A2181}.Debug|Any CPU.Build.0 = Debug|Any CPU
		{D0411D6C-3635-412F-8863-0AE8BE3A2181}.Debug|Any CPU.Deploy.0 = Debug|Any CPU
		{D0411D6C-3635-412F-8863-0AE8BE3A2181}.Debug|iPhone.ActiveCfg = Debug|Any CPU
		{D0411D6C-3635-412F-8863-0AE8BE3A2181}.Debug|iPhone.Build.0 = Debug|Any CPU
		{D0411D6C-3635-412F-8863-0AE8BE3A2181}.Debug|iPhone.Deploy.0 = Debug|Any CPU
		{D0411D6C-3635-412F-8863-0AE8BE3A2181}.Debug|iPhoneSimulator.ActiveCfg = Debug|Any CPU
		{D0411D6C-3635-412F-8863-0AE8BE3A2181}.Debug|iPhoneSimulator.Build.0 = Debug|Any CPU
		{D0411D6C-3635-412F-8863-0AE8BE3A2181}.Debug|iPhoneSimulator.Deploy.0 = Debug|Any CPU
		{D0411D6C-3635-412F-8863-0AE8BE3A2181}.Release|Any CPU.ActiveCfg = Release|Any CPU
		{D0411D6C-3635-412F-8863-0AE8BE3A2181}.Release|Any CPU.Build.0 = Release|Any CPU
		{D0411D6C-3635-412F-8863-0AE8BE3A2181}.Release|Any CPU.Deploy.0 = Release|Any CPU
		{D0411D6C-3635-412F-8863-0AE8BE3A2181}.Release|iPhone.ActiveCfg = Release|Any CPU
		{D0411D6C-3635-412F-8863-0AE8BE3A2181}.Release|iPhone.Build.0 = Release|Any CPU
		{D0411D6C-3635-412F-8863-0AE8BE3A2181}.Release|iPhone.Deploy.0 = Release|Any CPU
		{D0411D6C-3635-412F-8863-0AE8BE3A2181}.Release|iPhoneSimulator.ActiveCfg = Release|Any CPU
		{D0411D6C-3635-412F-8863-0AE8BE3A2181}.Release|iPhoneSimulator.Build.0 = Release|Any CPU
		{D0411D6C-3635-412F-8863-0AE8BE3A2181}.Release|iPhoneSimulator.Deploy.0 = Release|Any CPU
	EndGlobalSection
	GlobalSection(SolutionProperties) = preSolution
		HideSolutionNode = FALSE
	EndGlobalSection
	GlobalSection(ExtensibilityGlobals) = postSolution
		SolutionGuid = {328418D7-DB2A-4F36-B2F3-27F792D4A5A0}
	EndGlobalSection
EndGlobal
